{
  "requires": true,
  "lockfileVersion": 1,
  "dependencies": {
    "@angular/animations": {
      "version": "6.0.3",
      "resolved": "https://registry.npmjs.org/@angular/animations/-/animations-6.0.3.tgz",
      "integrity": "sha512-X8ey0dvh2ielxPCJOCcdNPAmKW5toCpzHdbjdZqlR9o6uP1UmzEKHd7Un7jVIINRtq9ZB7vnFWIJl0BA7C8U0g==",
      "requires": {
        "tslib": "1.9.1"
      }
    },
    "@angular/cdk": {
      "version": "6.1.0",
      "resolved": "https://registry.npmjs.org/@angular/cdk/-/cdk-6.1.0.tgz",
      "integrity": "sha512-IrM+cjeUW0TmFIZb7nMtARa9dKOVU9vXlwzllcwcBYHJNb9YcnLPaWqB2LqDQFuH/JQyt+oAG+VyfMmU+yk9uw==",
      "requires": {
        "tslib": "1.9.1"
      }
    },
    "@angular/common": {
      "version": "6.0.3",
      "resolved": "https://registry.npmjs.org/@angular/common/-/common-6.0.3.tgz",
      "integrity": "sha512-tqEYeEXoaw2kzSUfTrmC3ruJ87trS61SHayIf56f/jtEVn+4pbgJDTNvLSnB6QEaMTn7sX6QBroauMWmdTVSvA==",
      "requires": {
        "tslib": "1.9.1"
      }
    },
    "@angular/core": {
      "version": "6.0.3",
      "resolved": "https://registry.npmjs.org/@angular/core/-/core-6.0.3.tgz",
      "integrity": "sha512-YJk0kS/V9C2JFKMHfiw6TNxmfkYWGW4HzqGOm/VoPkvj9O4Erkz/OtOOc8hYGmXFmQz1UpOAByzY2XIlEi72XQ==",
      "requires": {
        "tslib": "1.9.1"
      }
    },
    "@angular/material": {
      "version": "6.1.0",
      "resolved": "https://registry.npmjs.org/@angular/material/-/material-6.1.0.tgz",
      "integrity": "sha512-9FLWjVnHFzAoGSWU5dz8X/QYeBtZGijMJIp1k94QDYz+2xA10IbesEgnv8I5Ri3EPnjV/gCspeSkt1ClLc95CA==",
      "requires": {
        "tslib": "1.9.1"
      }
    },
    "@angular/platform-browser": {
      "version": "6.0.3",
      "resolved": "https://registry.npmjs.org/@angular/platform-browser/-/platform-browser-6.0.3.tgz",
      "integrity": "sha512-OTgOE6WzytV9fnnCwvoyyXI4Avzmfu9RbBUhVRVontov6LlN9XL8BrzLidT7/lPAEQmHuoRCuNrSSY8TokPJCA==",
      "requires": {
        "tslib": "1.9.1"
      }
    },
    "angular-common": {
      "version": "0.1.0",
      "resolved": "https://registry.npmjs.org/angular-common/-/angular-common-0.1.0.tgz",
      "integrity": "sha512-tFLT93z4wQqU8ahDB84cj82jKEJZSADBUKkIoLQcubDP2/yHvOrXwq2NAa7ywDnB3RIA0P8DygWPTSQ7ovsODA=="
    },
    "angular2-toaster": {
      "version": "6.0.0",
      "resolved": "https://registry.npmjs.org/angular2-toaster/-/angular2-toaster-6.0.0.tgz",
      "integrity": "sha512-OtoM0bWnRmmIVX+7BvSqtn+b+Db5ktwiR+C8LGxwG4Cf7J3ojPZ7T7XqZBwAQZ9vWtaFssDLYx4jb2S5jCLkSw=="
    },
    "rxjs": {
      "version": "6.2.0",
      "resolved": "https://registry.npmjs.org/rxjs/-/rxjs-6.2.0.tgz",
      "integrity": "sha512-qBzf5uu6eOKiCZuAE0SgZ0/Qp+l54oeVxFfC2t+mJ2SFI6IB8gmMdJHs5DUMu5kqifqcCtsKS2XHjhZu6RKvAw==",
      "requires": {
        "tslib": "1.9.1"
      }
    },
    "tslib": {
      "version": "1.9.1",
      "resolved": "https://registry.npmjs.org/tslib/-/tslib-1.9.1.tgz",
      "integrity": "sha512-avfPS28HmGLLc2o4elcc2EIq2FcH++Yo5YxpBZi9Yw93BCTGFthI4HPE4Rpep6vSYQaK8e69PelM44tPj+RaQg=="
    }
  }
}
